
Microsoft Visual Studio Solution File, Format Version 12.00
# Visual Studio 15
Project("{FAE04EC0-301F-11D3-BF4B-00C04F79EFBC}") = "Assembly-CSharp", "Assembly-CSharp.csproj", "{C432E254-2D3E-FD16-395E-132E96B5D116}"
EndProject
Global
	GlobalSection(SolutionConfigurationPlatforms) = preSolution
		Debug|Any CPU = Debug|Any CPU
		Release|Any CPU = Release|Any CPU
	EndGlobalSection
	GlobalSection(ProjectConfigurationPlatforms) = postSolution
		{C432E254-2D3E-FD16-395E-132E96B5D116}.Debug|Any CPU.ActiveCfg = Debug|Any CPU
		{C432E254-2D3E-FD16-395E-132E96B5D116}.Debug|Any CPU.Build.0 = Debug|Any CPU
		{C432E254-2D3E-FD16-395E-132E96B5D116}.Release|Any CPU.ActiveCfg = Release|Any CPU
		{C432E254-2D3E-FD16-395E-132E96B5D116}.Release|Any CPU.Build.0 = Release|Any CPU
	EndGlobalSection
	GlobalSection(SolutionProperties) = preSolution
		HideSolutionNode = FALSE
	EndGlobalSection
EndGlobal
